# This file is generated by running "yarn install" inside your project.
# Manual changes might be lost - proceed with caution!

__metadata:
  version: 8
  cacheKey: 10

"@arcanis/slice-ansi@npm:^1.1.1":
  version: 1.1.1
  resolution: "@arcanis/slice-ansi@npm:1.1.1"
  dependencies:
    grapheme-splitter: "npm:^1.0.4"
  checksum: 10/14ed60cb45750d386c64229ac7bab20e10eedc193503fa4decff764162d329d6d3363ed2cd3debec833186ee54affe4f824f6e8eff531295117fd1ebda200270
  languageName: node
  linkType: hard

"@local/ck-gen@workspace:*, @local/ck-gen@workspace:ck-gen":
  version: 0.0.0-use.local
  resolution: "@local/ck-gen@workspace:ck-gen"
  dependencies:
    axios: "npm:=1.7.2"
    typescript: "npm:=5.4.5"
  peerDependencies:
    axios: =1.7.2
  languageName: unknown
  linkType: soft

"@nodelib/fs.scandir@npm:2.1.5":
  version: 2.1.5
  resolution: "@nodelib/fs.scandir@npm:2.1.5"
  dependencies:
    "@nodelib/fs.stat": "npm:2.0.5"
    run-parallel: "npm:^1.1.9"
  checksum: 10/6ab2a9b8a1d67b067922c36f259e3b3dfd6b97b219c540877a4944549a4d49ea5ceba5663905ab5289682f1f3c15ff441d02f0447f620a42e1cb5e1937174d4b
  languageName: node
  linkType: hard

"@nodelib/fs.stat@npm:2.0.5, @nodelib/fs.stat@npm:^2.0.2":
  version: 2.0.5
  resolution: "@nodelib/fs.stat@npm:2.0.5"
  checksum: 10/012480b5ca9d97bff9261571dbbec7bbc6033f69cc92908bc1ecfad0792361a5a1994bc48674b9ef76419d056a03efadfce5a6cf6dbc0a36559571a7a483f6f0
  languageName: node
  linkType: hard

"@nodelib/fs.walk@npm:^1.2.3":
  version: 1.2.8
  resolution: "@nodelib/fs.walk@npm:1.2.8"
  dependencies:
    "@nodelib/fs.scandir": "npm:2.1.5"
    fastq: "npm:^1.6.0"
  checksum: 10/40033e33e96e97d77fba5a238e4bba4487b8284678906a9f616b5579ddaf868a18874c0054a75402c9fbaaa033a25ceae093af58c9c30278e35c23c9479e79b0
  languageName: node
  linkType: hard

"@sindresorhus/is@npm:^4.0.0":
  version: 4.6.0
  resolution: "@sindresorhus/is@npm:4.6.0"
  checksum: 10/e7f36ed72abfcd5e0355f7423a72918b9748bb1ef370a59f3e5ad8d40b728b85d63b272f65f63eec1faf417cda89dcb0aeebe94015647b6054659c1442fe5ce0
  languageName: node
  linkType: hard

"@szmarczak/http-timer@npm:^4.0.5":
  version: 4.0.6
  resolution: "@szmarczak/http-timer@npm:4.0.6"
  dependencies:
    defer-to-connect: "npm:^2.0.0"
  checksum: 10/c29df3bcec6fc3bdec2b17981d89d9c9fc9bd7d0c9bcfe92821dc533f4440bc890ccde79971838b4ceed1921d456973c4180d7175ee1d0023ad0562240a58d95
  languageName: node
  linkType: hard

"@types/cacheable-request@npm:^6.0.1":
  version: 6.0.3
  resolution: "@types/cacheable-request@npm:6.0.3"
  dependencies:
    "@types/http-cache-semantics": "npm:*"
    "@types/keyv": "npm:^3.1.4"
    "@types/node": "npm:*"
    "@types/responselike": "npm:^1.0.0"
  checksum: 10/159f9fdb2a1b7175eef453ae2ced5ea04c0d2b9610cc9ccd9f9abb066d36dacb1f37acd879ace10ad7cbb649490723feb396fb7307004c9670be29636304b988
  languageName: node
  linkType: hard

"@types/emscripten@npm:^1.39.6":
  version: 1.39.13
  resolution: "@types/emscripten@npm:1.39.13"
  checksum: 10/02c0446150f9cc2c74dc3a551f86ce13df266c33d8b98d11d9f17263e2d98a6a6b4d36bdd15066c4e1547ae1ed2d52eed9420116b4935d119009e0f53ddbb041
  languageName: node
  linkType: hard

"@types/http-cache-semantics@npm:*":
  version: 4.0.4
  resolution: "@types/http-cache-semantics@npm:4.0.4"
  checksum: 10/a59566cff646025a5de396d6b3f44a39ab6a74f2ed8150692e0f31cc52f3661a68b04afe3166ebe0d566bd3259cb18522f46e949576d5204781cd6452b7fe0c5
  languageName: node
  linkType: hard

"@types/keyv@npm:^3.1.4":
  version: 3.1.4
  resolution: "@types/keyv@npm:3.1.4"
  dependencies:
    "@types/node": "npm:*"
  checksum: 10/e009a2bfb50e90ca9b7c6e8f648f8464067271fd99116f881073fa6fa76dc8d0133181dd65e6614d5fb1220d671d67b0124aef7d97dc02d7e342ab143a47779d
  languageName: node
  linkType: hard

"@types/node@npm:*":
  version: 20.14.11
  resolution: "@types/node@npm:20.14.11"
  dependencies:
    undici-types: "npm:~5.26.4"
  checksum: 10/344e1ce1ed16c86ed1c4209ab4d1de67db83dd6b694a6fabe295c47144dde2c58dabddae9f39a0a2bdd246e95f8d141ccfe848e464884b48b8918df4f7788025
  languageName: node
  linkType: hard

"@types/responselike@npm:^1.0.0":
  version: 1.0.3
  resolution: "@types/responselike@npm:1.0.3"
  dependencies:
    "@types/node": "npm:*"
  checksum: 10/6ac4b35723429b11b117e813c7acc42c3af8b5554caaf1fc750404c1ae59f9b7376bc69b9e9e194a5a97357a597c2228b7173d317320f0360d617b6425212f58
  languageName: node
  linkType: hard

"@types/semver@npm:^7.1.0":
  version: 7.5.8
  resolution: "@types/semver@npm:7.5.8"
  checksum: 10/3496808818ddb36deabfe4974fd343a78101fa242c4690044ccdc3b95dcf8785b494f5d628f2f47f38a702f8db9c53c67f47d7818f2be1b79f2efb09692e1178
  languageName: node
  linkType: hard

"@types/treeify@npm:^1.0.0":
  version: 1.0.3
  resolution: "@types/treeify@npm:1.0.3"
  checksum: 10/777e579b30a916a781e7cbad2b7a76bc5473ff7bfe7167dd6de47f80f4386df5bf3d0dc34170afb75d52e75f6ed61cc109abf2324e093c1f9ecd4e79fec58d0c
  languageName: node
  linkType: hard

"@yarnpkg/core@npm:^4.1.0":
  version: 4.1.1
  resolution: "@yarnpkg/core@npm:4.1.1"
  dependencies:
    "@arcanis/slice-ansi": "npm:^1.1.1"
    "@types/semver": "npm:^7.1.0"
    "@types/treeify": "npm:^1.0.0"
    "@yarnpkg/fslib": "npm:^3.1.0"
    "@yarnpkg/libzip": "npm:^3.1.0"
    "@yarnpkg/parsers": "npm:^3.0.2"
    "@yarnpkg/shell": "npm:^4.0.2"
    camelcase: "npm:^5.3.1"
    chalk: "npm:^3.0.0"
    ci-info: "npm:^3.2.0"
    clipanion: "npm:^4.0.0-rc.2"
    cross-spawn: "npm:7.0.3"
    diff: "npm:^5.1.0"
    dotenv: "npm:^16.3.1"
    fast-glob: "npm:^3.2.2"
    got: "npm:^11.7.0"
    lodash: "npm:^4.17.15"
    micromatch: "npm:^4.0.2"
    p-limit: "npm:^2.2.0"
    semver: "npm:^7.1.2"
    strip-ansi: "npm:^6.0.0"
    tar: "npm:^6.0.5"
    tinylogic: "npm:^2.0.0"
    treeify: "npm:^1.1.0"
    tslib: "npm:^2.4.0"
    tunnel: "npm:^0.0.6"
  checksum: 10/f4b52a9c568e28c5ffb43699c09662908ce42b321a0956b34167532b759fa6bb8c953ee8832738b7e7d544f15b7794349a29832f3611ef83a62f622fc111f7c1
  languageName: node
  linkType: hard

"@yarnpkg/fslib@npm:^3.0.2, @yarnpkg/fslib@npm:^3.1.0":
  version: 3.1.0
  resolution: "@yarnpkg/fslib@npm:3.1.0"
  dependencies:
    tslib: "npm:^2.4.0"
  checksum: 10/99537cff3269f0728b440bc801872346f8f698ada479b00df82967c0fea1fc61588e69f669174fdf8274107a1b34dfb656513db8789db12afd7e6778bd2b4e86
  languageName: node
  linkType: hard

"@yarnpkg/libzip@npm:^3.1.0":
  version: 3.1.0
  resolution: "@yarnpkg/libzip@npm:3.1.0"
  dependencies:
    "@types/emscripten": "npm:^1.39.6"
    "@yarnpkg/fslib": "npm:^3.1.0"
    tslib: "npm:^2.4.0"
  peerDependencies:
    "@yarnpkg/fslib": ^3.1.0
  checksum: 10/d3113b362d24cea53a00afe30ca0a5589649317c25812251dd3dbc14d37779b20e00118f040dfa2fc3d9ab78f0341ed827ccc03cad859647f05eaf388a6f1890
  languageName: node
  linkType: hard

"@yarnpkg/parsers@npm:^3.0.2":
  version: 3.0.2
  resolution: "@yarnpkg/parsers@npm:3.0.2"
  dependencies:
    js-yaml: "npm:^3.10.0"
    tslib: "npm:^2.4.0"
  checksum: 10/87506f140d6c401bdd89ff22073c3dd3ec7b6858e7f576e63ec1aea1b0b8a8ec241eb46ca5582dc2071098a86d6a55c3b0628da5eeff91d33afb4fa7cac0cf65
  languageName: node
  linkType: hard

"@yarnpkg/sdks@npm:^3.1.3":
  version: 3.1.3
  resolution: "@yarnpkg/sdks@npm:3.1.3"
  dependencies:
    "@yarnpkg/core": "npm:^4.1.0"
    "@yarnpkg/fslib": "npm:^3.1.0"
    "@yarnpkg/parsers": "npm:^3.0.2"
    chalk: "npm:^3.0.0"
    clipanion: "npm:^4.0.0-rc.2"
    comment-json: "npm:^2.2.0"
    lodash: "npm:^4.17.15"
    tslib: "npm:^2.4.0"
  bin:
    sdks: ./lib/cli.js
  checksum: 10/462365e86c1ad0b65198e6afec5e88f19140d535677f2141f6ea9cb6db767f8103b98e38a444182404c74aeb78fe492b97a168ccc257748f6890285dc1bf2640
  languageName: node
  linkType: hard

"@yarnpkg/shell@npm:^4.0.2":
  version: 4.0.2
  resolution: "@yarnpkg/shell@npm:4.0.2"
  dependencies:
    "@yarnpkg/fslib": "npm:^3.0.2"
    "@yarnpkg/parsers": "npm:^3.0.2"
    chalk: "npm:^3.0.0"
    clipanion: "npm:^4.0.0-rc.2"
    cross-spawn: "npm:7.0.3"
    fast-glob: "npm:^3.2.2"
    micromatch: "npm:^4.0.2"
    tslib: "npm:^2.4.0"
  bin:
    shell: ./lib/cli.js
  checksum: 10/cf544bdbd98dca753352b09682569f9e097c9047bea7474911967ffd5d917b96646786d296e6fef4ef1f6170aa42ef573df503eb7c7c3b58271f6ff2be04af24
  languageName: node
  linkType: hard

"angulardemo@workspace:.":
  version: 0.0.0-use.local
  resolution: "angulardemo@workspace:."
  dependencies:
    "@local/ck-gen": "workspace:*"
    "@yarnpkg/sdks": "npm:^3.1.3"
    typescript: "npm:=5.4.5"
  languageName: unknown
  linkType: soft

"ansi-regex@npm:^5.0.1":
  version: 5.0.1
  resolution: "ansi-regex@npm:5.0.1"
  checksum: 10/2aa4bb54caf2d622f1afdad09441695af2a83aa3fe8b8afa581d205e57ed4261c183c4d3877cee25794443fde5876417d859c108078ab788d6af7e4fe52eb66b
  languageName: node
  linkType: hard

"ansi-styles@npm:^4.1.0":
  version: 4.3.0
  resolution: "ansi-styles@npm:4.3.0"
  dependencies:
    color-convert: "npm:^2.0.1"
  checksum: 10/b4494dfbfc7e4591b4711a396bd27e540f8153914123dccb4cdbbcb514015ada63a3809f362b9d8d4f6b17a706f1d7bea3c6f974b15fa5ae76b5b502070889ff
  languageName: node
  linkType: hard

"argparse@npm:^1.0.7":
  version: 1.0.10
  resolution: "argparse@npm:1.0.10"
  dependencies:
    sprintf-js: "npm:~1.0.2"
  checksum: 10/c6a621343a553ff3779390bb5ee9c2263d6643ebcd7843227bdde6cc7adbed796eb5540ca98db19e3fd7b4714e1faa51551f8849b268bb62df27ddb15cbcd91e
  languageName: node
  linkType: hard

"asynckit@npm:^0.4.0":
  version: 0.4.0
  resolution: "asynckit@npm:0.4.0"
  checksum: 10/3ce727cbc78f69d6a4722517a58ee926c8c21083633b1d3fdf66fd688f6c127a53a592141bd4866f9b63240a86e9d8e974b13919450bd17fa33c2d22c4558ad8
  languageName: node
  linkType: hard

"axios@npm:=1.7.2":
  version: 1.7.2
  resolution: "axios@npm:1.7.2"
  dependencies:
    follow-redirects: "npm:^1.15.6"
    form-data: "npm:^4.0.0"
    proxy-from-env: "npm:^1.1.0"
  checksum: 10/6ae80dda9736bb4762ce717f1a26ff997d94672d3a5799ad9941c24d4fb019c1dff45be8272f08d1975d7950bac281f3ba24aff5ecd49ef5a04d872ec428782f
  languageName: node
  linkType: hard

"braces@npm:^3.0.3":
  version: 3.0.3
  resolution: "braces@npm:3.0.3"
  dependencies:
    fill-range: "npm:^7.1.1"
  checksum: 10/fad11a0d4697a27162840b02b1fad249c1683cbc510cd5bf1a471f2f8085c046d41094308c577a50a03a579dd99d5a6b3724c4b5e8b14df2c4443844cfcda2c6
  languageName: node
  linkType: hard

"cacheable-lookup@npm:^5.0.3":
  version: 5.0.4
  resolution: "cacheable-lookup@npm:5.0.4"
  checksum: 10/618a8b3eea314060e74cb3285a6154e8343c244a34235acf91cfe626ee0705c24e3cd11e4b1a7b3900bd749ee203ae65afe13adf610c8ab173e99d4a208faf75
  languageName: node
  linkType: hard

"cacheable-request@npm:^7.0.2":
  version: 7.0.4
  resolution: "cacheable-request@npm:7.0.4"
  dependencies:
    clone-response: "npm:^1.0.2"
    get-stream: "npm:^5.1.0"
    http-cache-semantics: "npm:^4.0.0"
    keyv: "npm:^4.0.0"
    lowercase-keys: "npm:^2.0.0"
    normalize-url: "npm:^6.0.1"
    responselike: "npm:^2.0.0"
  checksum: 10/0f4f2001260ecca78b9f64fc8245e6b5a5dcde24ea53006daab71f5e0e1338095aa1512ec099c4f9895a9e5acfac9da423cb7c079e131485891e9214aca46c41
  languageName: node
  linkType: hard

"camelcase@npm:^5.3.1":
  version: 5.3.1
  resolution: "camelcase@npm:5.3.1"
  checksum: 10/e6effce26b9404e3c0f301498184f243811c30dfe6d0b9051863bd8e4034d09c8c2923794f280d6827e5aa055f6c434115ff97864a16a963366fb35fd673024b
  languageName: node
  linkType: hard

"chalk@npm:^3.0.0":
  version: 3.0.0
  resolution: "chalk@npm:3.0.0"
  dependencies:
    ansi-styles: "npm:^4.1.0"
    supports-color: "npm:^7.1.0"
  checksum: 10/37f90b31fd655fb49c2bd8e2a68aebefddd64522655d001ef417e6f955def0ed9110a867ffc878a533f2dafea5f2032433a37c8a7614969baa7f8a1cd424ddfc
  languageName: node
  linkType: hard

"chownr@npm:^2.0.0":
  version: 2.0.0
  resolution: "chownr@npm:2.0.0"
  checksum: 10/c57cf9dd0791e2f18a5ee9c1a299ae6e801ff58fee96dc8bfd0dcb4738a6ce58dd252a3605b1c93c6418fe4f9d5093b28ffbf4d66648cb2a9c67eaef9679be2f
  languageName: node
  linkType: hard

"ci-info@npm:^3.2.0":
  version: 3.9.0
  resolution: "ci-info@npm:3.9.0"
  checksum: 10/75bc67902b4d1c7b435497adeb91598f6d52a3389398e44294f6601b20cfef32cf2176f7be0eb961d9e085bb333a8a5cae121cb22f81cf238ae7f58eb80e9397
  languageName: node
  linkType: hard

"clipanion@npm:^4.0.0-rc.2":
  version: 4.0.0-rc.3
  resolution: "clipanion@npm:4.0.0-rc.3"
  dependencies:
    typanion: "npm:^3.8.0"
  peerDependencies:
    typanion: "*"
  checksum: 10/31edbd69dc0c4a753dfade3be5b38b37490ea7ad6f85c2944defaaef28b441aceeff96ae6720b1e2253c4c17bb161d7abffe152b01be479a32a0685ba7b09dac
  languageName: node
  linkType: hard

"clone-response@npm:^1.0.2":
  version: 1.0.3
  resolution: "clone-response@npm:1.0.3"
  dependencies:
    mimic-response: "npm:^1.0.0"
  checksum: 10/4e671cac39b11c60aa8ba0a450657194a5d6504df51bca3fac5b3bd0145c4f8e8464898f87c8406b83232e3bc5cca555f51c1f9c8ac023969ebfbf7f6bdabb2e
  languageName: node
  linkType: hard

"color-convert@npm:^2.0.1":
  version: 2.0.1
  resolution: "color-convert@npm:2.0.1"
  dependencies:
    color-name: "npm:~1.1.4"
  checksum: 10/fa00c91b4332b294de06b443923246bccebe9fab1b253f7fe1772d37b06a2269b4039a85e309abe1fe11b267b11c08d1d0473fda3badd6167f57313af2887a64
  languageName: node
  linkType: hard

"color-name@npm:~1.1.4":
  version: 1.1.4
  resolution: "color-name@npm:1.1.4"
  checksum: 10/b0445859521eb4021cd0fb0cc1a75cecf67fceecae89b63f62b201cca8d345baf8b952c966862a9d9a2632987d4f6581f0ec8d957dfacece86f0a7919316f610
  languageName: node
  linkType: hard

"combined-stream@npm:^1.0.8":
  version: 1.0.8
  resolution: "combined-stream@npm:1.0.8"
  dependencies:
    delayed-stream: "npm:~1.0.0"
  checksum: 10/2e969e637d05d09fa50b02d74c83a1186f6914aae89e6653b62595cc75a221464f884f55f231b8f4df7a49537fba60bdc0427acd2bf324c09a1dbb84837e36e4
  languageName: node
  linkType: hard

"comment-json@npm:^2.2.0":
  version: 2.4.2
  resolution: "comment-json@npm:2.4.2"
  dependencies:
    core-util-is: "npm:^1.0.2"
    esprima: "npm:^4.0.1"
    has-own-prop: "npm:^2.0.0"
    repeat-string: "npm:^1.6.1"
  checksum: 10/6b0e0477c8fc4821b3fc2d79dcab6f1d9ebc5ee72c221307b47003ae769867561e02398fe8292495d9a4e327f9e8a5270bed1eeb60132e18657bb80672e1e7e5
  languageName: node
  linkType: hard

"core-util-is@npm:^1.0.2":
  version: 1.0.3
  resolution: "core-util-is@npm:1.0.3"
  checksum: 10/9de8597363a8e9b9952491ebe18167e3b36e7707569eed0ebf14f8bba773611376466ae34575bca8cfe3c767890c859c74056084738f09d4e4a6f902b2ad7d99
  languageName: node
  linkType: hard

"cross-spawn@npm:7.0.3":
  version: 7.0.3
  resolution: "cross-spawn@npm:7.0.3"
  dependencies:
    path-key: "npm:^3.1.0"
    shebang-command: "npm:^2.0.0"
    which: "npm:^2.0.1"
  checksum: 10/e1a13869d2f57d974de0d9ef7acbf69dc6937db20b918525a01dacb5032129bd552d290d886d981e99f1b624cb03657084cc87bd40f115c07ecf376821c729ce
  languageName: node
  linkType: hard

"decompress-response@npm:^6.0.0":
  version: 6.0.0
  resolution: "decompress-response@npm:6.0.0"
  dependencies:
    mimic-response: "npm:^3.1.0"
  checksum: 10/d377cf47e02d805e283866c3f50d3d21578b779731e8c5072d6ce8c13cc31493db1c2f6784da9d1d5250822120cefa44f1deab112d5981015f2e17444b763812
  languageName: node
  linkType: hard

"defer-to-connect@npm:^2.0.0":
  version: 2.0.1
  resolution: "defer-to-connect@npm:2.0.1"
  checksum: 10/8a9b50d2f25446c0bfefb55a48e90afd58f85b21bcf78e9207cd7b804354f6409032a1705c2491686e202e64fc05f147aa5aa45f9aa82627563f045937f5791b
  languageName: node
  linkType: hard

"delayed-stream@npm:~1.0.0":
  version: 1.0.0
  resolution: "delayed-stream@npm:1.0.0"
  checksum: 10/46fe6e83e2cb1d85ba50bd52803c68be9bd953282fa7096f51fc29edd5d67ff84ff753c51966061e5ba7cb5e47ef6d36a91924eddb7f3f3483b1c560f77a0020
  languageName: node
  linkType: hard

"diff@npm:^5.1.0":
  version: 5.2.0
  resolution: "diff@npm:5.2.0"
  checksum: 10/01b7b440f83a997350a988e9d2f558366c0f90f15be19f4aa7f1bb3109a4e153dfc3b9fbf78e14ea725717017407eeaa2271e3896374a0181e8f52445740846d
  languageName: node
  linkType: hard

"dotenv@npm:^16.3.1":
  version: 16.4.5
  resolution: "dotenv@npm:16.4.5"
  checksum: 10/55a3134601115194ae0f924e54473459ed0d9fc340ae610b676e248cca45aa7c680d86365318ea964e6da4e2ea80c4514c1adab5adb43d6867fb57ff068f95c8
  languageName: node
  linkType: hard

"end-of-stream@npm:^1.1.0":
  version: 1.4.4
  resolution: "end-of-stream@npm:1.4.4"
  dependencies:
    once: "npm:^1.4.0"
  checksum: 10/530a5a5a1e517e962854a31693dbb5c0b2fc40b46dad2a56a2deec656ca040631124f4795823acc68238147805f8b021abbe221f4afed5ef3c8e8efc2024908b
  languageName: node
  linkType: hard

"esprima@npm:^4.0.0, esprima@npm:^4.0.1":
  version: 4.0.1
  resolution: "esprima@npm:4.0.1"
  bin:
    esparse: ./bin/esparse.js
    esvalidate: ./bin/esvalidate.js
  checksum: 10/f1d3c622ad992421362294f7acf866aa9409fbad4eb2e8fa230bd33944ce371d32279667b242d8b8907ec2b6ad7353a717f3c0e60e748873a34a7905174bc0eb
  languageName: node
  linkType: hard

"fast-glob@npm:^3.2.2":
  version: 3.3.2
  resolution: "fast-glob@npm:3.3.2"
  dependencies:
    "@nodelib/fs.stat": "npm:^2.0.2"
    "@nodelib/fs.walk": "npm:^1.2.3"
    glob-parent: "npm:^5.1.2"
    merge2: "npm:^1.3.0"
    micromatch: "npm:^4.0.4"
  checksum: 10/222512e9315a0efca1276af9adb2127f02105d7288fa746145bf45e2716383fb79eb983c89601a72a399a56b7c18d38ce70457c5466218c5f13fad957cee16df
  languageName: node
  linkType: hard

"fastq@npm:^1.6.0":
  version: 1.17.1
  resolution: "fastq@npm:1.17.1"
  dependencies:
    reusify: "npm:^1.0.4"
  checksum: 10/a443180068b527dd7b3a63dc7f2a47ceca2f3e97b9c00a1efe5538757e6cc4056a3526df94308075d7727561baf09ebaa5b67da8dcbddb913a021c5ae69d1f69
  languageName: node
  linkType: hard

"fill-range@npm:^7.1.1":
  version: 7.1.1
  resolution: "fill-range@npm:7.1.1"
  dependencies:
    to-regex-range: "npm:^5.0.1"
  checksum: 10/a7095cb39e5bc32fada2aa7c7249d3f6b01bd1ce461a61b0adabacccabd9198500c6fb1f68a7c851a657e273fce2233ba869638897f3d7ed2e87a2d89b4436ea
  languageName: node
  linkType: hard

"follow-redirects@npm:^1.15.6":
  version: 1.15.6
  resolution: "follow-redirects@npm:1.15.6"
  peerDependenciesMeta:
    debug:
      optional: true
  checksum: 10/70c7612c4cab18e546e36b991bbf8009a1a41cf85354afe04b113d1117569abf760269409cb3eb842d9f7b03d62826687086b081c566ea7b1e6613cf29030bf7
  languageName: node
  linkType: hard

"form-data@npm:^4.0.0":
  version: 4.0.0
  resolution: "form-data@npm:4.0.0"
  dependencies:
    asynckit: "npm:^0.4.0"
    combined-stream: "npm:^1.0.8"
    mime-types: "npm:^2.1.12"
  checksum: 10/7264aa760a8cf09482816d8300f1b6e2423de1b02bba612a136857413fdc96d7178298ced106817655facc6b89036c6e12ae31c9eb5bdc16aabf502ae8a5d805
  languageName: node
  linkType: hard

"fs-minipass@npm:^2.0.0":
  version: 2.1.0
  resolution: "fs-minipass@npm:2.1.0"
  dependencies:
    minipass: "npm:^3.0.0"
  checksum: 10/03191781e94bc9a54bd376d3146f90fe8e082627c502185dbf7b9b3032f66b0b142c1115f3b2cc5936575fc1b44845ce903dd4c21bec2a8d69f3bd56f9cee9ec
  languageName: node
  linkType: hard

"get-stream@npm:^5.1.0":
  version: 5.2.0
  resolution: "get-stream@npm:5.2.0"
  dependencies:
    pump: "npm:^3.0.0"
  checksum: 10/13a73148dca795e41421013da6e3ebff8ccb7fba4d2f023fd0c6da2c166ec4e789bec9774a73a7b49c08daf2cae552f8a3e914042ac23b5f59dd278cc8f9cbfb
  languageName: node
  linkType: hard

"glob-parent@npm:^5.1.2":
  version: 5.1.2
  resolution: "glob-parent@npm:5.1.2"
  dependencies:
    is-glob: "npm:^4.0.1"
  checksum: 10/32cd106ce8c0d83731966d31517adb766d02c3812de49c30cfe0675c7c0ae6630c11214c54a5ae67aca882cf738d27fd7768f21aa19118b9245950554be07247
  languageName: node
  linkType: hard

"got@npm:^11.7.0":
  version: 11.8.6
  resolution: "got@npm:11.8.6"
  dependencies:
    "@sindresorhus/is": "npm:^4.0.0"
    "@szmarczak/http-timer": "npm:^4.0.5"
    "@types/cacheable-request": "npm:^6.0.1"
    "@types/responselike": "npm:^1.0.0"
    cacheable-lookup: "npm:^5.0.3"
    cacheable-request: "npm:^7.0.2"
    decompress-response: "npm:^6.0.0"
    http2-wrapper: "npm:^1.0.0-beta.5.2"
    lowercase-keys: "npm:^2.0.0"
    p-cancelable: "npm:^2.0.0"
    responselike: "npm:^2.0.0"
  checksum: 10/a30c74029d81bd5fe50dea1a0c970595d792c568e188ff8be254b5bc11e6158d1b014570772d4a30d0a97723e7dd34e7c8cc1a2f23018f60aece3070a7a5c2a5
  languageName: node
  linkType: hard

"grapheme-splitter@npm:^1.0.4":
  version: 1.0.4
  resolution: "grapheme-splitter@npm:1.0.4"
  checksum: 10/fdb2f51fd430ce881e18e44c4934ad30e59736e46213f7ad35ea5970a9ebdf7d0fe56150d15cc98230d55d2fd48c73dc6781494c38d8cf2405718366c36adb88
  languageName: node
  linkType: hard

"has-flag@npm:^4.0.0":
  version: 4.0.0
  resolution: "has-flag@npm:4.0.0"
  checksum: 10/261a1357037ead75e338156b1f9452c016a37dcd3283a972a30d9e4a87441ba372c8b81f818cd0fbcd9c0354b4ae7e18b9e1afa1971164aef6d18c2b6095a8ad
  languageName: node
  linkType: hard

"has-own-prop@npm:^2.0.0":
  version: 2.0.0
  resolution: "has-own-prop@npm:2.0.0"
  checksum: 10/ca6336e85ead2295c9603880cbc199e2d3ff7eaea0e9035d68fbc79892e9cf681abc62c0909520f112c671dad9961be2173b21dff951358cc98425c560e789e0
  languageName: node
  linkType: hard

"http-cache-semantics@npm:^4.0.0":
  version: 4.1.1
  resolution: "http-cache-semantics@npm:4.1.1"
  checksum: 10/362d5ed66b12ceb9c0a328fb31200b590ab1b02f4a254a697dc796850cc4385603e75f53ec59f768b2dad3bfa1464bd229f7de278d2899a0e3beffc634b6683f
  languageName: node
  linkType: hard

"http2-wrapper@npm:^1.0.0-beta.5.2":
  version: 1.0.3
  resolution: "http2-wrapper@npm:1.0.3"
  dependencies:
    quick-lru: "npm:^5.1.1"
    resolve-alpn: "npm:^1.0.0"
  checksum: 10/8097ee2699440c2e64bda52124990cc5b0fb347401c7797b1a0c1efd5a0f79a4ebaa68e8a6ac3e2dde5f09460c1602764da6da2412bad628ed0a3b0ae35e72d4
  languageName: node
  linkType: hard

"is-extglob@npm:^2.1.1":
  version: 2.1.1
  resolution: "is-extglob@npm:2.1.1"
  checksum: 10/df033653d06d0eb567461e58a7a8c9f940bd8c22274b94bf7671ab36df5719791aae15eef6d83bbb5e23283967f2f984b8914559d4449efda578c775c4be6f85
  languageName: node
  linkType: hard

"is-glob@npm:^4.0.1":
  version: 4.0.3
  resolution: "is-glob@npm:4.0.3"
  dependencies:
    is-extglob: "npm:^2.1.1"
  checksum: 10/3ed74f2b0cdf4f401f38edb0442ddfde3092d79d7d35c9919c86641efdbcbb32e45aa3c0f70ce5eecc946896cd5a0f26e4188b9f2b881876f7cb6c505b82da11
  languageName: node
  linkType: hard

"is-number@npm:^7.0.0":
  version: 7.0.0
  resolution: "is-number@npm:7.0.0"
  checksum: 10/6a6c3383f68afa1e05b286af866017c78f1226d43ac8cb064e115ff9ed85eb33f5c4f7216c96a71e4dfea289ef52c5da3aef5bbfade8ffe47a0465d70c0c8e86
  languageName: node
  linkType: hard

"isexe@npm:^2.0.0":
  version: 2.0.0
  resolution: "isexe@npm:2.0.0"
  checksum: 10/7c9f715c03aff08f35e98b1fadae1b9267b38f0615d501824f9743f3aab99ef10e303ce7db3f186763a0b70a19de5791ebfc854ff884d5a8c4d92211f642ec92
  languageName: node
  linkType: hard

"js-yaml@npm:^3.10.0":
  version: 3.14.1
  resolution: "js-yaml@npm:3.14.1"
  dependencies:
    argparse: "npm:^1.0.7"
    esprima: "npm:^4.0.0"
  bin:
    js-yaml: bin/js-yaml.js
  checksum: 10/9e22d80b4d0105b9899135365f746d47466ed53ef4223c529b3c0f7a39907743fdbd3c4379f94f1106f02755b5e90b2faaf84801a891135544e1ea475d1a1379
  languageName: node
  linkType: hard

"json-buffer@npm:3.0.1":
  version: 3.0.1
  resolution: "json-buffer@npm:3.0.1"
  checksum: 10/82876154521b7b68ba71c4f969b91572d1beabadd87bd3a6b236f85fbc7dc4695089191ed60bb59f9340993c51b33d479f45b6ba9f3548beb519705281c32c3c
  languageName: node
  linkType: hard

"keyv@npm:^4.0.0":
  version: 4.5.4
  resolution: "keyv@npm:4.5.4"
  dependencies:
    json-buffer: "npm:3.0.1"
  checksum: 10/167eb6ef64cc84b6fa0780ee50c9de456b422a1e18802209234f7c2cf7eae648c7741f32e50d7e24ccb22b24c13154070b01563d642755b156c357431a191e75
  languageName: node
  linkType: hard

"lodash@npm:^4.17.15":
  version: 4.17.21
  resolution: "lodash@npm:4.17.21"
  checksum: 10/c08619c038846ea6ac754abd6dd29d2568aa705feb69339e836dfa8d8b09abbb2f859371e86863eda41848221f9af43714491467b5b0299122431e202bb0c532
  languageName: node
  linkType: hard

"lowercase-keys@npm:^2.0.0":
  version: 2.0.0
  resolution: "lowercase-keys@npm:2.0.0"
  checksum: 10/1c233d2da35056e8c49fae8097ee061b8c799b2f02e33c2bf32f9913c7de8fb481ab04dab7df35e94156c800f5f34e99acbf32b21781d87c3aa43ef7b748b79e
  languageName: node
  linkType: hard

"merge2@npm:^1.3.0":
  version: 1.4.1
  resolution: "merge2@npm:1.4.1"
  checksum: 10/7268db63ed5169466540b6fb947aec313200bcf6d40c5ab722c22e242f651994619bcd85601602972d3c85bd2cc45a358a4c61937e9f11a061919a1da569b0c2
  languageName: node
  linkType: hard

"micromatch@npm:^4.0.2, micromatch@npm:^4.0.4":
  version: 4.0.7
  resolution: "micromatch@npm:4.0.7"
  dependencies:
    braces: "npm:^3.0.3"
    picomatch: "npm:^2.3.1"
  checksum: 10/a11ed1cb67dcbbe9a5fc02c4062cf8bb0157d73bf86956003af8dcfdf9b287f9e15ec0f6d6925ff6b8b5b496202335e497b01de4d95ef6cf06411bc5e5c474a0
  languageName: node
  linkType: hard

"mime-db@npm:1.52.0":
  version: 1.52.0
  resolution: "mime-db@npm:1.52.0"
  checksum: 10/54bb60bf39e6f8689f6622784e668a3d7f8bed6b0d886f5c3c446cb3284be28b30bf707ed05d0fe44a036f8469976b2629bbea182684977b084de9da274694d7
  languageName: node
  linkType: hard

"mime-types@npm:^2.1.12":
  version: 2.1.35
  resolution: "mime-types@npm:2.1.35"
  dependencies:
    mime-db: "npm:1.52.0"
  checksum: 10/89aa9651b67644035de2784a6e665fc685d79aba61857e02b9c8758da874a754aed4a9aced9265f5ed1171fd934331e5516b84a7f0218031b6fa0270eca1e51a
  languageName: node
  linkType: hard

"mimic-response@npm:^1.0.0":
  version: 1.0.1
  resolution: "mimic-response@npm:1.0.1"
  checksum: 10/034c78753b0e622bc03c983663b1cdf66d03861050e0c8606563d149bc2b02d63f62ce4d32be4ab50d0553ae0ffe647fc34d1f5281184c6e1e8cf4d85e8d9823
  languageName: node
  linkType: hard

"mimic-response@npm:^3.1.0":
  version: 3.1.0
  resolution: "mimic-response@npm:3.1.0"
  checksum: 10/7e719047612411fe071332a7498cf0448bbe43c485c0d780046c76633a771b223ff49bd00267be122cedebb897037fdb527df72335d0d0f74724604ca70b37ad
  languageName: node
  linkType: hard

"minipass@npm:^3.0.0":
  version: 3.3.6
  resolution: "minipass@npm:3.3.6"
  dependencies:
    yallist: "npm:^4.0.0"
  checksum: 10/a5c6ef069f70d9a524d3428af39f2b117ff8cd84172e19b754e7264a33df460873e6eb3d6e55758531580970de50ae950c496256bb4ad3691a2974cddff189f0
  languageName: node
  linkType: hard

"minipass@npm:^5.0.0":
  version: 5.0.0
  resolution: "minipass@npm:5.0.0"
  checksum: 10/61682162d29f45d3152b78b08bab7fb32ca10899bc5991ffe98afc18c9e9543bd1e3be94f8b8373ba6262497db63607079dc242ea62e43e7b2270837b7347c93
  languageName: node
  linkType: hard

"minizlib@npm:^2.1.1":
  version: 2.1.2
  resolution: "minizlib@npm:2.1.2"
  dependencies:
    minipass: "npm:^3.0.0"
    yallist: "npm:^4.0.0"
  checksum: 10/ae0f45436fb51344dcb87938446a32fbebb540d0e191d63b35e1c773d47512e17307bf54aa88326cc6d176594d00e4423563a091f7266c2f9a6872cdc1e234d1
  languageName: node
  linkType: hard

"mkdirp@npm:^1.0.3":
  version: 1.0.4
  resolution: "mkdirp@npm:1.0.4"
  bin:
    mkdirp: bin/cmd.js
  checksum: 10/d71b8dcd4b5af2fe13ecf3bd24070263489404fe216488c5ba7e38ece1f54daf219e72a833a3a2dc404331e870e9f44963a33399589490956bff003a3404d3b2
  languageName: node
  linkType: hard

"normalize-url@npm:^6.0.1":
  version: 6.1.0
  resolution: "normalize-url@npm:6.1.0"
  checksum: 10/5ae699402c9d5ffa330adc348fcd6fc6e6a155ab7c811b96e30b7ecab60ceef821d8f86443869671dda71bbc47f4b9625739c82ad247e883e9aefe875bfb8659
  languageName: node
  linkType: hard

"once@npm:^1.3.1, once@npm:^1.4.0":
  version: 1.4.0
  resolution: "once@npm:1.4.0"
  dependencies:
    wrappy: "npm:1"
  checksum: 10/cd0a88501333edd640d95f0d2700fbde6bff20b3d4d9bdc521bdd31af0656b5706570d6c6afe532045a20bb8dc0849f8332d6f2a416e0ba6d3d3b98806c7db68
  languageName: node
  linkType: hard

"p-cancelable@npm:^2.0.0":
  version: 2.1.1
  resolution: "p-cancelable@npm:2.1.1"
  checksum: 10/7f1b64db17fc54acf359167d62898115dcf2a64bf6b3b038e4faf36fc059e5ed762fb9624df8ed04b25bee8de3ab8d72dea9879a2a960cd12e23c420a4aca6ed
  languageName: node
  linkType: hard

"p-limit@npm:^2.2.0":
  version: 2.3.0
  resolution: "p-limit@npm:2.3.0"
  dependencies:
    p-try: "npm:^2.0.0"
  checksum: 10/84ff17f1a38126c3314e91ecfe56aecbf36430940e2873dadaa773ffe072dc23b7af8e46d4b6485d302a11673fe94c6b67ca2cfbb60c989848b02100d0594ac1
  languageName: node
  linkType: hard

"p-try@npm:^2.0.0":
  version: 2.2.0
  resolution: "p-try@npm:2.2.0"
  checksum: 10/f8a8e9a7693659383f06aec604ad5ead237c7a261c18048a6e1b5b85a5f8a067e469aa24f5bc009b991ea3b058a87f5065ef4176793a200d4917349881216cae
  languageName: node
  linkType: hard

"path-key@npm:^3.1.0":
  version: 3.1.1
  resolution: "path-key@npm:3.1.1"
  checksum: 10/55cd7a9dd4b343412a8386a743f9c746ef196e57c823d90ca3ab917f90ab9f13dd0ded27252ba49dbdfcab2b091d998bc446f6220cd3cea65db407502a740020
  languageName: node
  linkType: hard

"picomatch@npm:^2.3.1":
  version: 2.3.1
  resolution: "picomatch@npm:2.3.1"
  checksum: 10/60c2595003b05e4535394d1da94850f5372c9427ca4413b71210f437f7b2ca091dbd611c45e8b37d10036fa8eade25c1b8951654f9d3973bfa66a2ff4d3b08bc
  languageName: node
  linkType: hard

"proxy-from-env@npm:^1.1.0":
  version: 1.1.0
  resolution: "proxy-from-env@npm:1.1.0"
  checksum: 10/f0bb4a87cfd18f77bc2fba23ae49c3b378fb35143af16cc478171c623eebe181678f09439707ad80081d340d1593cd54a33a0113f3ccb3f4bc9451488780ee23
  languageName: node
  linkType: hard

"pump@npm:^3.0.0":
  version: 3.0.0
  resolution: "pump@npm:3.0.0"
  dependencies:
    end-of-stream: "npm:^1.1.0"
    once: "npm:^1.3.1"
  checksum: 10/e42e9229fba14732593a718b04cb5e1cfef8254544870997e0ecd9732b189a48e1256e4e5478148ecb47c8511dca2b09eae56b4d0aad8009e6fac8072923cfc9
  languageName: node
  linkType: hard

"queue-microtask@npm:^1.2.2":
  version: 1.2.3
  resolution: "queue-microtask@npm:1.2.3"
  checksum: 10/72900df0616e473e824202113c3df6abae59150dfb73ed13273503127235320e9c8ca4aaaaccfd58cf417c6ca92a6e68ee9a5c3182886ae949a768639b388a7b
  languageName: node
  linkType: hard

"quick-lru@npm:^5.1.1":
  version: 5.1.1
  resolution: "quick-lru@npm:5.1.1"
  checksum: 10/a516faa25574be7947969883e6068dbe4aa19e8ef8e8e0fd96cddd6d36485e9106d85c0041a27153286b0770b381328f4072aa40d3b18a19f5f7d2b78b94b5ed
  languageName: node
  linkType: hard

"repeat-string@npm:^1.6.1":
  version: 1.6.1
  resolution: "repeat-string@npm:1.6.1"
  checksum: 10/1b809fc6db97decdc68f5b12c4d1a671c8e3f65ec4a40c238bc5200e44e85bcc52a54f78268ab9c29fcf5fe4f1343e805420056d1f30fa9a9ee4c2d93e3cc6c0
  languageName: node
  linkType: hard

"resolve-alpn@npm:^1.0.0":
  version: 1.2.1
  resolution: "resolve-alpn@npm:1.2.1"
  checksum: 10/744e87888f0b6fa0b256ab454ca0b9c0b80808715e2ef1f3672773665c92a941f6181194e30ccae4a8cd0adbe0d955d3f133102636d2ee0cca0119fec0bc9aec
  languageName: node
  linkType: hard

"responselike@npm:^2.0.0":
  version: 2.0.1
  resolution: "responselike@npm:2.0.1"
  dependencies:
    lowercase-keys: "npm:^2.0.0"
  checksum: 10/b122535466e9c97b55e69c7f18e2be0ce3823c5d47ee8de0d9c0b114aa55741c6db8bfbfce3766a94d1272e61bfb1ebf0a15e9310ac5629fbb7446a861b4fd3a
  languageName: node
  linkType: hard

"reusify@npm:^1.0.4":
  version: 1.0.4
  resolution: "reusify@npm:1.0.4"
  checksum: 10/14222c9e1d3f9ae01480c50d96057228a8524706db79cdeb5a2ce5bb7070dd9f409a6f84a02cbef8cdc80d39aef86f2dd03d155188a1300c599b05437dcd2ffb
  languageName: node
  linkType: hard

"run-parallel@npm:^1.1.9":
  version: 1.2.0
  resolution: "run-parallel@npm:1.2.0"
  dependencies:
    queue-microtask: "npm:^1.2.2"
  checksum: 10/cb4f97ad25a75ebc11a8ef4e33bb962f8af8516bb2001082ceabd8902e15b98f4b84b4f8a9b222e5d57fc3bd1379c483886ed4619367a7680dad65316993021d
  languageName: node
  linkType: hard

"semver@npm:^7.1.2":
  version: 7.6.3
  resolution: "semver@npm:7.6.3"
  bin:
    semver: bin/semver.js
  checksum: 10/36b1fbe1a2b6f873559cd57b238f1094a053dbfd997ceeb8757d79d1d2089c56d1321b9f1069ce263dc64cfa922fa1d2ad566b39426fe1ac6c723c1487589e10
  languageName: node
  linkType: hard

"shebang-command@npm:^2.0.0":
  version: 2.0.0
  resolution: "shebang-command@npm:2.0.0"
  dependencies:
    shebang-regex: "npm:^3.0.0"
  checksum: 10/6b52fe87271c12968f6a054e60f6bde5f0f3d2db483a1e5c3e12d657c488a15474121a1d55cd958f6df026a54374ec38a4a963988c213b7570e1d51575cea7fa
  languageName: node
  linkType: hard

"shebang-regex@npm:^3.0.0":
  version: 3.0.0
  resolution: "shebang-regex@npm:3.0.0"
  checksum: 10/1a2bcae50de99034fcd92ad4212d8e01eedf52c7ec7830eedcf886622804fe36884278f2be8be0ea5fde3fd1c23911643a4e0f726c8685b61871c8908af01222
  languageName: node
  linkType: hard

"sprintf-js@npm:~1.0.2":
  version: 1.0.3
  resolution: "sprintf-js@npm:1.0.3"
  checksum: 10/c34828732ab8509c2741e5fd1af6b767c3daf2c642f267788f933a65b1614943c282e74c4284f4fa749c264b18ee016a0d37a3e5b73aee446da46277d3a85daa
  languageName: node
  linkType: hard

"strip-ansi@npm:^6.0.0":
  version: 6.0.1
  resolution: "strip-ansi@npm:6.0.1"
  dependencies:
    ansi-regex: "npm:^5.0.1"
  checksum: 10/ae3b5436d34fadeb6096367626ce987057713c566e1e7768818797e00ac5d62023d0f198c4e681eae9e20701721980b26a64a8f5b91238869592a9c6800719a2
  languageName: node
  linkType: hard

"supports-color@npm:^7.1.0":
  version: 7.2.0
  resolution: "supports-color@npm:7.2.0"
  dependencies:
    has-flag: "npm:^4.0.0"
  checksum: 10/c8bb7afd564e3b26b50ca6ee47572c217526a1389fe018d00345856d4a9b08ffbd61fadaf283a87368d94c3dcdb8f5ffe2650a5a65863e21ad2730ca0f05210a
  languageName: node
  linkType: hard

"tar@npm:^6.0.5":
  version: 6.2.1
  resolution: "tar@npm:6.2.1"
  dependencies:
    chownr: "npm:^2.0.0"
    fs-minipass: "npm:^2.0.0"
    minipass: "npm:^5.0.0"
    minizlib: "npm:^2.1.1"
    mkdirp: "npm:^1.0.3"
    yallist: "npm:^4.0.0"
  checksum: 10/bfbfbb2861888077fc1130b84029cdc2721efb93d1d1fb80f22a7ac3a98ec6f8972f29e564103bbebf5e97be67ebc356d37fa48dbc4960600a1eb7230fbd1ea0
  languageName: node
  linkType: hard

"tinylogic@npm:^2.0.0":
  version: 2.0.0
  resolution: "tinylogic@npm:2.0.0"
  checksum: 10/6467b1ed9b602dae035726ee3faf2682bddffb5389b42fdb4daf13878037420ed9981a572ca7db467bd26c4ab00fb4eefe654f24e35984ec017fb5e83081db97
  languageName: node
  linkType: hard

"to-regex-range@npm:^5.0.1":
  version: 5.0.1
  resolution: "to-regex-range@npm:5.0.1"
  dependencies:
    is-number: "npm:^7.0.0"
  checksum: 10/10dda13571e1f5ad37546827e9b6d4252d2e0bc176c24a101252153ef435d83696e2557fe128c4678e4e78f5f01e83711c703eef9814eb12dab028580d45980a
  languageName: node
  linkType: hard

"treeify@npm:^1.1.0":
  version: 1.1.0
  resolution: "treeify@npm:1.1.0"
  checksum: 10/5241976a751168fb9894a12d031299f1f6337b7f2cbd3eff22ee86e6777620352a69a1cab0d4709251317ff307eeda0dc45918850974fc44f4c7fc50e623b990
  languageName: node
  linkType: hard

"tslib@npm:^2.4.0":
  version: 2.6.3
  resolution: "tslib@npm:2.6.3"
  checksum: 10/52109bb681f8133a2e58142f11a50e05476de4f075ca906d13b596ae5f7f12d30c482feb0bff167ae01cfc84c5803e575a307d47938999246f5a49d174fc558c
  languageName: node
  linkType: hard

"tunnel@npm:^0.0.6":
  version: 0.0.6
  resolution: "tunnel@npm:0.0.6"
  checksum: 10/cf1ffed5e67159b901a924dbf94c989f20b2b3b65649cfbbe4b6abb35955ce2cf7433b23498bdb2c5530ab185b82190fce531597b3b4a649f06a907fc8702405
  languageName: node
  linkType: hard

"typanion@npm:^3.8.0":
  version: 3.14.0
  resolution: "typanion@npm:3.14.0"
  checksum: 10/5e88d9e6121ff0ec543f572152fdd1b70e9cca35406d79013ec8e08defa8ef96de5fec9e98da3afbd1eb4426b9e8e8fe423163d0b482e34a40103cab1ef29abd
  languageName: node
  linkType: hard

"typescript@npm:=5.4.5":
  version: 5.4.5
  resolution: "typescript@npm:5.4.5"
  bin:
    tsc: bin/tsc
    tsserver: bin/tsserver
  checksum: 10/d04a9e27e6d83861f2126665aa8d84847e8ebabcea9125b9ebc30370b98cb38b5dff2508d74e2326a744938191a83a69aa9fddab41f193ffa43eabfdf3f190a5
  languageName: node
  linkType: hard

"typescript@patch:typescript@npm%3A=5.4.5#optional!builtin<compat/typescript>":
  version: 5.4.5
  resolution: "typescript@patch:typescript@npm%3A5.4.5#optional!builtin<compat/typescript>::version=5.4.5&hash=5adc0c"
  bin:
    tsc: bin/tsc
    tsserver: bin/tsserver
  checksum: 10/760f7d92fb383dbf7dee2443bf902f4365db2117f96f875cf809167f6103d55064de973db9f78fe8f31ec08fff52b2c969aee0d310939c0a3798ec75d0bca2e1
  languageName: node
  linkType: hard

"undici-types@npm:~5.26.4":
  version: 5.26.5
  resolution: "undici-types@npm:5.26.5"
  checksum: 10/0097779d94bc0fd26f0418b3a05472410408877279141ded2bd449167be1aed7ea5b76f756562cb3586a07f251b90799bab22d9019ceba49c037c76445f7cddd
  languageName: node
  linkType: hard

"which@npm:^2.0.1":
  version: 2.0.2
  resolution: "which@npm:2.0.2"
  dependencies:
    isexe: "npm:^2.0.0"
  bin:
    node-which: ./bin/node-which
  checksum: 10/4782f8a1d6b8fc12c65e968fea49f59752bf6302dc43036c3bf87da718a80710f61a062516e9764c70008b487929a73546125570acea95c5b5dcc8ac3052c70f
  languageName: node
  linkType: hard

"wrappy@npm:1":
  version: 1.0.2
  resolution: "wrappy@npm:1.0.2"
  checksum: 10/159da4805f7e84a3d003d8841557196034155008f817172d4e986bd591f74aa82aa7db55929a54222309e01079a65a92a9e6414da5a6aa4b01ee44a511ac3ee5
  languageName: node
  linkType: hard

"yallist@npm:^4.0.0":
  version: 4.0.0
  resolution: "yallist@npm:4.0.0"
  checksum: 10/4cb02b42b8a93b5cf50caf5d8e9beb409400a8a4d85e83bb0685c1457e9ac0b7a00819e9f5991ac25ffabb56a78e2f017c1acc010b3a1babfe6de690ba531abd
  languageName: node
  linkType: hard
